
Microsoft Visual Studio Solution File, Format Version 12.00
# Visual Studio Version 17
VisualStudioVersion = 17.14.36705.20 d17.14
MinimumVisualStudioVersion = 10.0.40219.1
Project("{FAE04EC0-301F-11D3-BF4B-00C04F79EFBC}") = "TaskManager.Api", "TaskManager.Api\TaskManager.Api.csproj", "{0A789AD5-2F17-4B43-8969-83AB4D5B4016}"
EndProject
Global
	GlobalSection(SolutionConfigurationPlatforms) = preSolution
		Debug|Any CPU = Debug|Any CPU
		Release|Any CPU = Release|Any CPU
	EndGlobalSection
	GlobalSection(ProjectConfigurationPlatforms) = postSolution
		{0A789AD5-2F17-4B43-8969-83AB4D5B4016}.Debug|Any CPU.ActiveCfg = Debug|Any CPU
		{0A789AD5-2F17-4B43-8969-83AB4D5B4016}.Debug|Any CPU.Build.0 = Debug|Any CPU
		{0A789AD5-2F17-4B43-8969-83AB4D5B4016}.Release|Any CPU.ActiveCfg = Release|Any CPU
		{0A789AD5-2F17-4B43-8969-83AB4D5B4016}.Release|Any CPU.Build.0 = Release|Any CPU
	EndGlobalSection
	GlobalSection(SolutionProperties) = preSolution
		HideSolutionNode = FALSE
	EndGlobalSection
	GlobalSection(ExtensibilityGlobals) = postSolution
		SolutionGuid = {E42132DF-639E-4BD3-BB81-4BA25D237B7F}
	EndGlobalSection
EndGlobal
